<?xml version="1.0" encoding="UTF-8" standalone="yes" ?>
<CodeBlocks_project_file>
	<FileVersion major="1" minor="6" />
	<Project>
		<Option title="KnihovnaProgramatoraCpp" />
		<Option pch_mode="2" />
		<Option compiler="gcc" />
		<Build>
			<Target title="Debug">
				<Option output="bin/Debug/KnihovnaProgramatoraCpp" prefix_auto="1" extension_auto="1" />
				<Option object_output="obj/Debug/" />
				<Option type="1" />
				<Option compiler="gcc" />
				<Option parameters="-a -b -c" />
				<Compiler>
					<Add option="-g" />
				</Compiler>
			</Target>
			<Target title="Release">
				<Option output="bin/Release/KnihovnaProgramatoraCpp" prefix_auto="1" extension_auto="1" />
				<Option object_output="obj/Release/" />
				<Option type="1" />
				<Option compiler="gcc" />
				<Compiler>
					<Add option="-O2" />
				</Compiler>
				<Linker>
					<Add option="-s" />
				</Linker>
			</Target>
		</Build>
		<Compiler>
			<Add option="-Wall" />
			<Add option="-fexceptions" />
		</Compiler>
		<Unit filename="03_slozitejsi_programy.cpp" />
		<Unit filename="03_slozitejsi_programy.h" />
		<Unit filename="04_pokrocilejsi_konstrukce_a_techniky.cpp" />
		<Unit filename="04_pokrocilejsi_konstrukce_a_techniky.h" />
		<Unit filename="06_zakladni_datove_typy.cpp" />
		<Unit filename="06_zakladni_datove_typy.h" />
		<Unit filename="07_prikazy.cpp" />
		<Unit filename="07_prikazy.h" />
		<Unit filename="09_prace_s_pameti.cpp" />
		<Unit filename="09_prace_s_pameti.h" />
		<Unit filename="09_strom.cpp" />
		<Unit filename="09_strom.h" />
		<Unit filename="09_uzel.h" />
		<Unit filename="10_vyctove_typy_struktury_a_unie.cpp" />
		<Unit filename="10_vyctove_typy_struktury_a_unie.h" />
		<Unit filename="11_vyrazy.cpp" />
		<Unit filename="11_vyrazy.h" />
		<Unit filename="12_deklarace_a_promenne.cpp" />
		<Unit filename="12_deklarace_a_promenne.h" />
		<Unit filename="13_funkce.cpp" />
		<Unit filename="13_funkce.h" />
		<Unit filename="14_program_a_jeho_beh.cpp" />
		<Unit filename="14_program_a_jeho_beh.h" />
		<Unit filename="15_preprocesor.cpp" />
		<Unit filename="15_preprocesor.h" />
		<Unit filename="16_objektove_typy.cpp" />
		<Unit filename="16_objektove_typy.h" />
		<Unit filename="main.cpp" />
		<Unit filename="zajimavosti.cpp" />
		<Unit filename="zajimavosti.h" />
		<Extensions>
			<lib_finder disable_auto="1" />
		</Extensions>
	</Project>
</CodeBlocks_project_file>
